
Microsoft Visual Studio Solution File, Format Version 12.00
# Visual Studio Version 17
VisualStudioVersion = 17.8.34511.84
MinimumVisualStudioVersion = 10.0.40219.1
Project("{9A19103F-16F7-4668-BE54-9A1E7A4F7556}") = "KPCOS.Data", "KPCOS.DATA\KPCOS.Data.csproj", "{3821DF95-B174-4AE6-997A-881DE746CEB1}"
EndProject
Project("{9A19103F-16F7-4668-BE54-9A1E7A4F7556}") = "KPCOS.Service", "KPCOS.Service\KPCOS.Service.csproj", "{2D107EC6-7996-4652-BB58-726CCB86FE4D}"
EndProject
Project("{9A19103F-16F7-4668-BE54-9A1E7A4F7556}") = "KPCOS.Common", "KPCOS.Common\KPCOS.Common.csproj", "{5909B47B-2DB2-44B3-93F3-E24CE8275B1E}"
EndProject
Project("{9A19103F-16F7-4668-BE54-9A1E7A4F7556}") = "KPOS.APIService", "KPOS.APIService\KPOS.APIService.csproj", "{FD8978AC-4F02-440F-AED0-A5377DC0BC10}"
EndProject
Project("{FAE04EC0-301F-11D3-BF4B-00C04F79EFBC}") = "KPCOS.MVCWebApp", "KPCOS.MVCWebApp\KPCOS.MVCWebApp.csproj", "{7C3EA961-974D-42D5-B7F9-E4CD2E174727}"
EndProject
Global
	GlobalSection(SolutionConfigurationPlatforms) = preSolution
		Debug|Any CPU = Debug|Any CPU
		Release|Any CPU = Release|Any CPU
	EndGlobalSection
	GlobalSection(ProjectConfigurationPlatforms) = postSolution
		{3821DF95-B174-4AE6-997A-881DE746CEB1}.Debug|Any CPU.ActiveCfg = Debug|Any CPU
		{3821DF95-B174-4AE6-997A-881DE746CEB1}.Debug|Any CPU.Build.0 = Debug|Any CPU
		{3821DF95-B174-4AE6-997A-881DE746CEB1}.Release|Any CPU.ActiveCfg = Release|Any CPU
		{3821DF95-B174-4AE6-997A-881DE746CEB1}.Release|Any CPU.Build.0 = Release|Any CPU
		{2D107EC6-7996-4652-BB58-726CCB86FE4D}.Debug|Any CPU.ActiveCfg = Debug|Any CPU
		{2D107EC6-7996-4652-BB58-726CCB86FE4D}.Debug|Any CPU.Build.0 = Debug|Any CPU
		{2D107EC6-7996-4652-BB58-726CCB86FE4D}.Release|Any CPU.ActiveCfg = Release|Any CPU
		{2D107EC6-7996-4652-BB58-726CCB86FE4D}.Release|Any CPU.Build.0 = Release|Any CPU
		{5909B47B-2DB2-44B3-93F3-E24CE8275B1E}.Debug|Any CPU.ActiveCfg = Debug|Any CPU
		{5909B47B-2DB2-44B3-93F3-E24CE8275B1E}.Debug|Any CPU.Build.0 = Debug|Any CPU
		{5909B47B-2DB2-44B3-93F3-E24CE8275B1E}.Release|Any CPU.ActiveCfg = Release|Any CPU
		{5909B47B-2DB2-44B3-93F3-E24CE8275B1E}.Release|Any CPU.Build.0 = Release|Any CPU
		{FD8978AC-4F02-440F-AED0-A5377DC0BC10}.Debug|Any CPU.ActiveCfg = Debug|Any CPU
		{FD8978AC-4F02-440F-AED0-A5377DC0BC10}.Debug|Any CPU.Build.0 = Debug|Any CPU
		{FD8978AC-4F02-440F-AED0-A5377DC0BC10}.Release|Any CPU.ActiveCfg = Release|Any CPU
		{FD8978AC-4F02-440F-AED0-A5377DC0BC10}.Release|Any CPU.Build.0 = Release|Any CPU
		{7C3EA961-974D-42D5-B7F9-E4CD2E174727}.Debug|Any CPU.ActiveCfg = Debug|Any CPU
		{7C3EA961-974D-42D5-B7F9-E4CD2E174727}.Debug|Any CPU.Build.0 = Debug|Any CPU
		{7C3EA961-974D-42D5-B7F9-E4CD2E174727}.Release|Any CPU.ActiveCfg = Release|Any CPU
		{7C3EA961-974D-42D5-B7F9-E4CD2E174727}.Release|Any CPU.Build.0 = Release|Any CPU
	EndGlobalSection
	GlobalSection(SolutionProperties) = preSolution
		HideSolutionNode = FALSE
	EndGlobalSection
	GlobalSection(ExtensibilityGlobals) = postSolution
		SolutionGuid = {597F91F7-628C-4937-8A37-705E31B6A95D}
	EndGlobalSection
EndGlobal
